
Microsoft Visual Studio Solution File, Format Version 12.00
# Visual Studio Version 16
VisualStudioVersion = 25.0.1704.4
MinimumVisualStudioVersion = 10.0.40219.1
Project("{FAE04EC0-301F-11D3-BF4B-00C04F79EFBC}") = "Labirintus", "Labirintus\Labirintus.csproj", "{6F322080-B247-4869-BE45-347530D6F604}"
EndProject
Global
	GlobalSection(SolutionConfigurationPlatforms) = preSolution
		Debug|Any CPU = Debug|Any CPU
		Release|Any CPU = Release|Any CPU
	EndGlobalSection
	GlobalSection(ProjectConfigurationPlatforms) = postSolution
		{6F322080-B247-4869-BE45-347530D6F604}.Debug|Any CPU.ActiveCfg = Debug|Any CPU
		{6F322080-B247-4869-BE45-347530D6F604}.Debug|Any CPU.Build.0 = Debug|Any CPU
		{6F322080-B247-4869-BE45-347530D6F604}.Release|Any CPU.ActiveCfg = Release|Any CPU
		{6F322080-B247-4869-BE45-347530D6F604}.Release|Any CPU.Build.0 = Release|Any CPU
	EndGlobalSection
	GlobalSection(SolutionProperties) = preSolution
		HideSolutionNode = FALSE
	EndGlobalSection
	GlobalSection(ExtensibilityGlobals) = postSolution
		SolutionGuid = {F0B62953-A779-4568-B94C-1909BE970073}
	EndGlobalSection
EndGlobal
